version = 1
revision = 2
requires-python = ">=3.13"

[[package]]
name = "asn1crypto"
version = "1.5.1"
source = { registry = "https://pypi.org/simple" }
sdist = { url = "https://files.pythonhosted.org/packages/de/cf/d547feed25b5244fcb9392e288ff9fdc3280b10260362fc45d37a798a6ee/asn1crypto-1.5.1.tar.gz", hash = "sha256:13ae38502be632115abf8a24cbe5f4da52e3b5231990aff31123c805306ccb9c", size = 121080, upload-time = "2022-03-15T14:46:52.889Z" }
wheels = [
    { url = "https://files.pythonhosted.org/packages/c9/7f/09065fd9e27da0eda08b4d6897f1c13535066174cc023af248fc2a8d5e5a/asn1crypto-1.5.1-py2.py3-none-any.whl", hash = "sha256:db4e40728b728508912cbb3d44f19ce188f218e9eba635821bb4b68564f8fd67", size = 105045, upload-time = "2022-03-15T14:46:51.055Z" },
]

[[package]]
name = "attrs"
version = "25.3.0"
source = { registry = "https://pypi.org/simple" }
sdist = { url = "https://files.pythonhosted.org/packages/5a/b0/1367933a8532ee6ff8d63537de4f1177af4bff9f3e829baf7331f595bb24/attrs-25.3.0.tar.gz", hash = "sha256:75d7cefc7fb576747b2c81b4442d4d4a1ce0900973527c011d1030fd3bf4af1b", size = 812032, upload-time = "2025-03-13T11:10:22.779Z" }
wheels = [
    { url = "https://files.pythonhosted.org/packages/77/06/bb80f5f86020c4551da315d78b3ab75e8228f89f0162f2c3a819e407941a/attrs-25.3.0-py3-none-any.whl", hash = "sha256:427318ce031701fea540783410126f03899a97ffc6f61596ad581ac2e40e3bc3", size = 63815, upload-time = "2025-03-13T11:10:21.14Z" },
]

[[package]]
name = "boto3"
version = "1.40.0"
source = { registry = "https://pypi.org/simple" }
dependencies = [
    { name = "botocore" },
    { name = "jmespath" },
    { name = "s3transfer" },
]
sdist = { url = "https://files.pythonhosted.org/packages/7b/34/298ef2023d7d88069776c9cc26b42ba6f05d143a1c9b44a0f65cd795c65b/boto3-1.40.0.tar.gz", hash = "sha256:fc1b3ca3baf3d8820c6faddf47cbba8ad3cd16f8e8d7e2f76d304bf995932eb7", size = 111847, upload-time = "2025-07-31T19:21:06.735Z" }
wheels = [
    { url = "https://files.pythonhosted.org/packages/5d/44/158581021038c5fc886ffa27fa4731fb4939258da7a23e0bc70b2d5757c9/boto3-1.40.0-py3-none-any.whl", hash = "sha256:959443055d2af676c336cc6033b3f870a8a924384b70d0b2905081d649378179", size = 139882, upload-time = "2025-07-31T19:21:04.65Z" },
]

[[package]]
name = "botocore"
version = "1.40.0"
source = { registry = "https://pypi.org/simple" }
dependencies = [
    { name = "jmespath" },
    { name = "python-dateutil" },
    { name = "urllib3" },
]
sdist = { url = "https://files.pythonhosted.org/packages/8f/e7/770ce910457ac6c68ea79b83892ab7a7cb08528f5d1dd77e51bf02a8529e/botocore-1.40.0.tar.gz", hash = "sha256:850242560dc8e74d542045a81eb6cc15f1b730b4ba55ba5b30e6d686548dfcaf", size = 14262316, upload-time = "2025-07-31T19:20:56.662Z" }
wheels = [
    { url = "https://files.pythonhosted.org/packages/38/5a/bebc53f022514412613615b09aef20fbe804abb3ea26ec27e504a2d21c8f/botocore-1.40.0-py3-none-any.whl", hash = "sha256:2063e6d035a6a382b2ae37e40f5144044e55d4e091910d0c9f1be3121ad3e4e6", size = 13921768, upload-time = "2025-07-31T19:20:51.487Z" },
]

[[package]]
name = "certifi"
version = "2025.7.14"
source = { registry = "https://pypi.org/simple" }
sdist = { url = "https://files.pythonhosted.org/packages/b3/76/52c535bcebe74590f296d6c77c86dabf761c41980e1347a2422e4aa2ae41/certifi-2025.7.14.tar.gz", hash = "sha256:8ea99dbdfaaf2ba2f9bac77b9249ef62ec5218e7c2b2e903378ed5fccf765995", size = 163981, upload-time = "2025-07-14T03:29:28.449Z" }
wheels = [
    { url = "https://files.pythonhosted.org/packages/4f/52/34c6cf5bb9285074dc3531c437b3919e825d976fde097a7a73f79e726d03/certifi-2025.7.14-py3-none-any.whl", hash = "sha256:6b31f564a415d79ee77df69d757bb49a5bb53bd9f756cbbe24394ffd6fc1f4b2", size = 162722, upload-time = "2025-07-14T03:29:26.863Z" },
]

[[package]]
name = "cffi"
version = "1.17.1"
source = { registry = "https://pypi.org/simple" }
dependencies = [
    { name = "pycparser" },
]
sdist = { url = "https://files.pythonhosted.org/packages/fc/97/c783634659c2920c3fc70419e3af40972dbaf758daa229a7d6ea6135c90d/cffi-1.17.1.tar.gz", hash = "sha256:1c39c6016c32bc48dd54561950ebd6836e1670f2ae46128f67cf49e789c52824", size = 516621, upload-time = "2024-09-04T20:45:21.852Z" }
wheels = [
    { url = "https://files.pythonhosted.org/packages/8d/f8/dd6c246b148639254dad4d6803eb6a54e8c85c6e11ec9df2cffa87571dbe/cffi-1.17.1-cp313-cp313-macosx_10_13_x86_64.whl", hash = "sha256:f3a2b4222ce6b60e2e8b337bb9596923045681d71e5a082783484d845390938e", size = 182989, upload-time = "2024-09-04T20:44:28.956Z" },
    { url = "https://files.pythonhosted.org/packages/8b/f1/672d303ddf17c24fc83afd712316fda78dc6fce1cd53011b839483e1ecc8/cffi-1.17.1-cp313-cp313-macosx_11_0_arm64.whl", hash = "sha256:0984a4925a435b1da406122d4d7968dd861c1385afe3b45ba82b750f229811e2", size = 178802, upload-time = "2024-09-04T20:44:30.289Z" },
    { url = "https://files.pythonhosted.org/packages/0e/2d/eab2e858a91fdff70533cab61dcff4a1f55ec60425832ddfdc9cd36bc8af/cffi-1.17.1-cp313-cp313-manylinux_2_12_i686.manylinux2010_i686.manylinux_2_17_i686.manylinux2014_i686.whl", hash = "sha256:d01b12eeeb4427d3110de311e1774046ad344f5b1a7403101878976ecd7a10f3", size = 454792, upload-time = "2024-09-04T20:44:32.01Z" },
    { url = "https://files.pythonhosted.org/packages/75/b2/fbaec7c4455c604e29388d55599b99ebcc250a60050610fadde58932b7ee/cffi-1.17.1-cp313-cp313-manylinux_2_17_aarch64.manylinux2014_aarch64.whl", hash = "sha256:706510fe141c86a69c8ddc029c7910003a17353970cff3b904ff0686a5927683", size = 478893, upload-time = "2024-09-04T20:44:33.606Z" },
    { url = "https://files.pythonhosted.org/packages/4f/b7/6e4a2162178bf1935c336d4da8a9352cccab4d3a5d7914065490f08c0690/cffi-1.17.1-cp313-cp313-manylinux_2_17_ppc64le.manylinux2014_ppc64le.whl", hash = "sha256:de55b766c7aa2e2a3092c51e0483d700341182f08e67c63630d5b6f200bb28e5", size = 485810, upload-time = "2024-09-04T20:44:35.191Z" },
    { url = "https://files.pythonhosted.org/packages/c7/8a/1d0e4a9c26e54746dc08c2c6c037889124d4f59dffd853a659fa545f1b40/cffi-1.17.1-cp313-cp313-manylinux_2_17_s390x.manylinux2014_s390x.whl", hash = "sha256:c59d6e989d07460165cc5ad3c61f9fd8f1b4796eacbd81cee78957842b834af4", size = 471200, upload-time = "2024-09-04T20:44:36.743Z" },
    { url = "https://files.pythonhosted.org/packages/26/9f/1aab65a6c0db35f43c4d1b4f580e8df53914310afc10ae0397d29d697af4/cffi-1.17.1-cp313-cp313-manylinux_2_17_x86_64.manylinux2014_x86_64.whl", hash = "sha256:dd398dbc6773384a17fe0d3e7eeb8d1a21c2200473ee6806bb5e6a8e62bb73dd", size = 479447, upload-time = "2024-09-04T20:44:38.492Z" },
    { url = "https://files.pythonhosted.org/packages/5f/e4/fb8b3dd8dc0e98edf1135ff067ae070bb32ef9d509d6cb0f538cd6f7483f/cffi-1.17.1-cp313-cp313-musllinux_1_1_aarch64.whl", hash = "sha256:3edc8d958eb099c634dace3c7e16560ae474aa3803a5df240542b305d14e14ed", size = 484358, upload-time = "2024-09-04T20:44:40.046Z" },
    { url = "https://files.pythonhosted.org/packages/f1/47/d7145bf2dc04684935d57d67dff9d6d795b2ba2796806bb109864be3a151/cffi-1.17.1-cp313-cp313-musllinux_1_1_x86_64.whl", hash = "sha256:72e72408cad3d5419375fc87d289076ee319835bdfa2caad331e377589aebba9", size = 488469, upload-time = "2024-09-04T20:44:41.616Z" },
    { url = "https://files.pythonhosted.org/packages/bf/ee/f94057fa6426481d663b88637a9a10e859e492c73d0384514a17d78ee205/cffi-1.17.1-cp313-cp313-win32.whl", hash = "sha256:e03eab0a8677fa80d646b5ddece1cbeaf556c313dcfac435ba11f107ba117b5d", size = 172475, upload-time = "2024-09-04T20:44:43.733Z" },
    { url = "https://files.pythonhosted.org/packages/7c/fc/6a8cb64e5f0324877d503c854da15d76c1e50eb722e320b15345c4d0c6de/cffi-1.17.1-cp313-cp313-win_amd64.whl", hash = "sha256:f6a16c31041f09ead72d69f583767292f750d24913dadacf5756b966aacb3f1a", size = 182009, upload-time = "2024-09-04T20:44:45.309Z" },
]

[[package]]
name = "charset-normalizer"
version = "3.4.2"
source = { registry = "https://pypi.org/simple" }
sdist = { url = "https://files.pythonhosted.org/packages/e4/33/89c2ced2b67d1c2a61c19c6751aa8902d46ce3dacb23600a283619f5a12d/charset_normalizer-3.4.2.tar.gz", hash = "sha256:5baececa9ecba31eff645232d59845c07aa030f0c81ee70184a90d35099a0e63", size = 126367, upload-time = "2025-05-02T08:34:42.01Z" }
wheels = [
    { url = "https://files.pythonhosted.org/packages/ea/12/a93df3366ed32db1d907d7593a94f1fe6293903e3e92967bebd6950ed12c/charset_normalizer-3.4.2-cp313-cp313-macosx_10_13_universal2.whl", hash = "sha256:926ca93accd5d36ccdabd803392ddc3e03e6d4cd1cf17deff3b989ab8e9dbcf0", size = 199622, upload-time = "2025-05-02T08:32:56.363Z" },
    { url = "https://files.pythonhosted.org/packages/04/93/bf204e6f344c39d9937d3c13c8cd5bbfc266472e51fc8c07cb7f64fcd2de/charset_normalizer-3.4.2-cp313-cp313-manylinux_2_17_aarch64.manylinux2014_aarch64.whl", hash = "sha256:eba9904b0f38a143592d9fc0e19e2df0fa2e41c3c3745554761c5f6447eedabf", size = 143435, upload-time = "2025-05-02T08:32:58.551Z" },
    { url = "https://files.pythonhosted.org/packages/22/2a/ea8a2095b0bafa6c5b5a55ffdc2f924455233ee7b91c69b7edfcc9e02284/charset_normalizer-3.4.2-cp313-cp313-manylinux_2_17_ppc64le.manylinux2014_ppc64le.whl", hash = "sha256:3fddb7e2c84ac87ac3a947cb4e66d143ca5863ef48e4a5ecb83bd48619e4634e", size = 153653, upload-time = "2025-05-02T08:33:00.342Z" },
    { url = "https://files.pythonhosted.org/packages/b6/57/1b090ff183d13cef485dfbe272e2fe57622a76694061353c59da52c9a659/charset_normalizer-3.4.2-cp313-cp313-manylinux_2_17_s390x.manylinux2014_s390x.whl", hash = "sha256:98f862da73774290f251b9df8d11161b6cf25b599a66baf087c1ffe340e9bfd1", size = 146231, upload-time = "2025-05-02T08:33:02.081Z" },
    { url = "https://files.pythonhosted.org/packages/e2/28/ffc026b26f441fc67bd21ab7f03b313ab3fe46714a14b516f931abe1a2d8/charset_normalizer-3.4.2-cp313-cp313-manylinux_2_17_x86_64.manylinux2014_x86_64.whl", hash = "sha256:6c9379d65defcab82d07b2a9dfbfc2e95bc8fe0ebb1b176a3190230a3ef0e07c", size = 148243, upload-time = "2025-05-02T08:33:04.063Z" },
    { url = "https://files.pythonhosted.org/packages/c0/0f/9abe9bd191629c33e69e47c6ef45ef99773320e9ad8e9cb08b8ab4a8d4cb/charset_normalizer-3.4.2-cp313-cp313-manylinux_2_5_i686.manylinux1_i686.manylinux_2_17_i686.manylinux2014_i686.whl", hash = "sha256:e635b87f01ebc977342e2697d05b56632f5f879a4f15955dfe8cef2448b51691", size = 150442, upload-time = "2025-05-02T08:33:06.418Z" },
    { url = "https://files.pythonhosted.org/packages/67/7c/a123bbcedca91d5916c056407f89a7f5e8fdfce12ba825d7d6b9954a1a3c/charset_normalizer-3.4.2-cp313-cp313-musllinux_1_2_aarch64.whl", hash = "sha256:1c95a1e2902a8b722868587c0e1184ad5c55631de5afc0eb96bc4b0d738092c0", size = 145147, upload-time = "2025-05-02T08:33:08.183Z" },
    { url = "https://files.pythonhosted.org/packages/ec/fe/1ac556fa4899d967b83e9893788e86b6af4d83e4726511eaaad035e36595/charset_normalizer-3.4.2-cp313-cp313-musllinux_1_2_i686.whl", hash = "sha256:ef8de666d6179b009dce7bcb2ad4c4a779f113f12caf8dc77f0162c29d20490b", size = 153057, upload-time = "2025-05-02T08:33:09.986Z" },
    { url = "https://files.pythonhosted.org/packages/2b/ff/acfc0b0a70b19e3e54febdd5301a98b72fa07635e56f24f60502e954c461/charset_normalizer-3.4.2-cp313-cp313-musllinux_1_2_ppc64le.whl", hash = "sha256:32fc0341d72e0f73f80acb0a2c94216bd704f4f0bce10aedea38f30502b271ff", size = 156454, upload-time = "2025-05-02T08:33:11.814Z" },
    { url = "https://files.pythonhosted.org/packages/92/08/95b458ce9c740d0645feb0e96cea1f5ec946ea9c580a94adfe0b617f3573/charset_normalizer-3.4.2-cp313-cp313-musllinux_1_2_s390x.whl", hash = "sha256:289200a18fa698949d2b39c671c2cc7a24d44096784e76614899a7ccf2574b7b", size = 154174, upload-time = "2025-05-02T08:33:13.707Z" },
    { url = "https://files.pythonhosted.org/packages/78/be/8392efc43487ac051eee6c36d5fbd63032d78f7728cb37aebcc98191f1ff/charset_normalizer-3.4.2-cp313-cp313-musllinux_1_2_x86_64.whl", hash = "sha256:4a476b06fbcf359ad25d34a057b7219281286ae2477cc5ff5e3f70a246971148", size = 149166, upload-time = "2025-05-02T08:33:15.458Z" },
    { url = "https://files.pythonhosted.org/packages/44/96/392abd49b094d30b91d9fbda6a69519e95802250b777841cf3bda8fe136c/charset_normalizer-3.4.2-cp313-cp313-win32.whl", hash = "sha256:aaeeb6a479c7667fbe1099af9617c83aaca22182d6cf8c53966491a0f1b7ffb7", size = 98064, upload-time = "2025-05-02T08:33:17.06Z" },
    { url = "https://files.pythonhosted.org/packages/e9/b0/0200da600134e001d91851ddc797809e2fe0ea72de90e09bec5a2fbdaccb/charset_normalizer-3.4.2-cp313-cp313-win_amd64.whl", hash = "sha256:aa6af9e7d59f9c12b33ae4e9450619cf2488e2bbe9b44030905877f0b2324980", size = 105641, upload-time = "2025-05-02T08:33:18.753Z" },
    { url = "https://files.pythonhosted.org/packages/20/94/c5790835a017658cbfabd07f3bfb549140c3ac458cfc196323996b10095a/charset_normalizer-3.4.2-py3-none-any.whl", hash = "sha256:7f56930ab0abd1c45cd15be65cc741c28b1c9a34876ce8c17a2fa107810c0af0", size = 52626, upload-time = "2025-05-02T08:34:40.053Z" },
]

[[package]]
name = "cryptography"
version = "45.0.5"
source = { registry = "https://pypi.org/simple" }
dependencies = [
    { name = "cffi", marker = "platform_python_implementation != 'PyPy'" },
]
sdist = { url = "https://files.pythonhosted.org/packages/95/1e/49527ac611af559665f71cbb8f92b332b5ec9c6fbc4e88b0f8e92f5e85df/cryptography-45.0.5.tar.gz", hash = "sha256:72e76caa004ab63accdf26023fccd1d087f6d90ec6048ff33ad0445abf7f605a", size = 744903, upload-time = "2025-07-02T13:06:25.941Z" }
wheels = [
    { url = "https://files.pythonhosted.org/packages/f0/fb/09e28bc0c46d2c547085e60897fea96310574c70fb21cd58a730a45f3403/cryptography-45.0.5-cp311-abi3-macosx_10_9_universal2.whl", hash = "sha256:101ee65078f6dd3e5a028d4f19c07ffa4dd22cce6a20eaa160f8b5219911e7d8", size = 7043092, upload-time = "2025-07-02T13:05:01.514Z" },
    { url = "https://files.pythonhosted.org/packages/b1/05/2194432935e29b91fb649f6149c1a4f9e6d3d9fc880919f4ad1bcc22641e/cryptography-45.0.5-cp311-abi3-manylinux2014_aarch64.manylinux_2_17_aarch64.whl", hash = "sha256:3a264aae5f7fbb089dbc01e0242d3b67dffe3e6292e1f5182122bdf58e65215d", size = 4205926, upload-time = "2025-07-02T13:05:04.741Z" },
    { url = "https://files.pythonhosted.org/packages/07/8b/9ef5da82350175e32de245646b1884fc01124f53eb31164c77f95a08d682/cryptography-45.0.5-cp311-abi3-manylinux2014_x86_64.manylinux_2_17_x86_64.whl", hash = "sha256:e74d30ec9c7cb2f404af331d5b4099a9b322a8a6b25c4632755c8757345baac5", size = 4429235, upload-time = "2025-07-02T13:05:07.084Z" },
    { url = "https://files.pythonhosted.org/packages/7c/e1/c809f398adde1994ee53438912192d92a1d0fc0f2d7582659d9ef4c28b0c/cryptography-45.0.5-cp311-abi3-manylinux_2_28_aarch64.whl", hash = "sha256:3af26738f2db354aafe492fb3869e955b12b2ef2e16908c8b9cb928128d42c57", size = 4209785, upload-time = "2025-07-02T13:05:09.321Z" },
    { url = "https://files.pythonhosted.org/packages/d0/8b/07eb6bd5acff58406c5e806eff34a124936f41a4fb52909ffa4d00815f8c/cryptography-45.0.5-cp311-abi3-manylinux_2_28_armv7l.manylinux_2_31_armv7l.whl", hash = "sha256:e6c00130ed423201c5bc5544c23359141660b07999ad82e34e7bb8f882bb78e0", size = 3893050, upload-time = "2025-07-02T13:05:11.069Z" },
    { url = "https://files.pythonhosted.org/packages/ec/ef/3333295ed58d900a13c92806b67e62f27876845a9a908c939f040887cca9/cryptography-45.0.5-cp311-abi3-manylinux_2_28_x86_64.whl", hash = "sha256:dd420e577921c8c2d31289536c386aaa30140b473835e97f83bc71ea9d2baf2d", size = 4457379, upload-time = "2025-07-02T13:05:13.32Z" },
    { url = "https://files.pythonhosted.org/packages/d9/9d/44080674dee514dbb82b21d6fa5d1055368f208304e2ab1828d85c9de8f4/cryptography-45.0.5-cp311-abi3-manylinux_2_34_aarch64.whl", hash = "sha256:d05a38884db2ba215218745f0781775806bde4f32e07b135348355fe8e4991d9", size = 4209355, upload-time = "2025-07-02T13:05:15.017Z" },
    { url = "https://files.pythonhosted.org/packages/c9/d8/0749f7d39f53f8258e5c18a93131919ac465ee1f9dccaf1b3f420235e0b5/cryptography-45.0.5-cp311-abi3-manylinux_2_34_x86_64.whl", hash = "sha256:ad0caded895a00261a5b4aa9af828baede54638754b51955a0ac75576b831b27", size = 4456087, upload-time = "2025-07-02T13:05:16.945Z" },
    { url = "https://files.pythonhosted.org/packages/09/d7/92acac187387bf08902b0bf0699816f08553927bdd6ba3654da0010289b4/cryptography-45.0.5-cp311-abi3-musllinux_1_2_aarch64.whl", hash = "sha256:9024beb59aca9d31d36fcdc1604dd9bbeed0a55bface9f1908df19178e2f116e", size = 4332873, upload-time = "2025-07-02T13:05:18.743Z" },
    { url = "https://files.pythonhosted.org/packages/03/c2/840e0710da5106a7c3d4153c7215b2736151bba60bf4491bdb421df5056d/cryptography-45.0.5-cp311-abi3-musllinux_1_2_x86_64.whl", hash = "sha256:91098f02ca81579c85f66df8a588c78f331ca19089763d733e34ad359f474174", size = 4564651, upload-time = "2025-07-02T13:05:21.382Z" },
    { url = "https://files.pythonhosted.org/packages/2e/92/cc723dd6d71e9747a887b94eb3827825c6c24b9e6ce2bb33b847d31d5eaa/cryptography-45.0.5-cp311-abi3-win32.whl", hash = "sha256:926c3ea71a6043921050eaa639137e13dbe7b4ab25800932a8498364fc1abec9", size = 2929050, upload-time = "2025-07-02T13:05:23.39Z" },
    { url = "https://files.pythonhosted.org/packages/1f/10/197da38a5911a48dd5389c043de4aec4b3c94cb836299b01253940788d78/cryptography-45.0.5-cp311-abi3-win_amd64.whl", hash = "sha256:b85980d1e345fe769cfc57c57db2b59cff5464ee0c045d52c0df087e926fbe63", size = 3403224, upload-time = "2025-07-02T13:05:25.202Z" },
    { url = "https://files.pythonhosted.org/packages/fe/2b/160ce8c2765e7a481ce57d55eba1546148583e7b6f85514472b1d151711d/cryptography-45.0.5-cp37-abi3-macosx_10_9_universal2.whl", hash = "sha256:f3562c2f23c612f2e4a6964a61d942f891d29ee320edb62ff48ffb99f3de9ae8", size = 7017143, upload-time = "2025-07-02T13:05:27.229Z" },
    { url = "https://files.pythonhosted.org/packages/c2/e7/2187be2f871c0221a81f55ee3105d3cf3e273c0a0853651d7011eada0d7e/cryptography-45.0.5-cp37-abi3-manylinux2014_aarch64.manylinux_2_17_aarch64.whl", hash = "sha256:3fcfbefc4a7f332dece7272a88e410f611e79458fab97b5efe14e54fe476f4fd", size = 4197780, upload-time = "2025-07-02T13:05:29.299Z" },
    { url = "https://files.pythonhosted.org/packages/b9/cf/84210c447c06104e6be9122661159ad4ce7a8190011669afceeaea150524/cryptography-45.0.5-cp37-abi3-manylinux2014_x86_64.manylinux_2_17_x86_64.whl", hash = "sha256:460f8c39ba66af7db0545a8c6f2eabcbc5a5528fc1cf6c3fa9a1e44cec33385e", size = 4420091, upload-time = "2025-07-02T13:05:31.221Z" },
    { url = "https://files.pythonhosted.org/packages/3e/6a/cb8b5c8bb82fafffa23aeff8d3a39822593cee6e2f16c5ca5c2ecca344f7/cryptography-45.0.5-cp37-abi3-manylinux_2_28_aarch64.whl", hash = "sha256:9b4cf6318915dccfe218e69bbec417fdd7c7185aa7aab139a2c0beb7468c89f0", size = 4198711, upload-time = "2025-07-02T13:05:33.062Z" },
    { url = "https://files.pythonhosted.org/packages/04/f7/36d2d69df69c94cbb2473871926daf0f01ad8e00fe3986ac3c1e8c4ca4b3/cryptography-45.0.5-cp37-abi3-manylinux_2_28_armv7l.manylinux_2_31_armv7l.whl", hash = "sha256:2089cc8f70a6e454601525e5bf2779e665d7865af002a5dec8d14e561002e135", size = 3883299, upload-time = "2025-07-02T13:05:34.94Z" },
    { url = "https://files.pythonhosted.org/packages/82/c7/f0ea40f016de72f81288e9fe8d1f6748036cb5ba6118774317a3ffc6022d/cryptography-45.0.5-cp37-abi3-manylinux_2_28_x86_64.whl", hash = "sha256:0027d566d65a38497bc37e0dd7c2f8ceda73597d2ac9ba93810204f56f52ebc7", size = 4450558, upload-time = "2025-07-02T13:05:37.288Z" },
    { url = "https://files.pythonhosted.org/packages/06/ae/94b504dc1a3cdf642d710407c62e86296f7da9e66f27ab12a1ee6fdf005b/cryptography-45.0.5-cp37-abi3-manylinux_2_34_aarch64.whl", hash = "sha256:be97d3a19c16a9be00edf79dca949c8fa7eff621763666a145f9f9535a5d7f42", size = 4198020, upload-time = "2025-07-02T13:05:39.102Z" },
    { url = "https://files.pythonhosted.org/packages/05/2b/aaf0adb845d5dabb43480f18f7ca72e94f92c280aa983ddbd0bcd6ecd037/cryptography-45.0.5-cp37-abi3-manylinux_2_34_x86_64.whl", hash = "sha256:7760c1c2e1a7084153a0f68fab76e754083b126a47d0117c9ed15e69e2103492", size = 4449759, upload-time = "2025-07-02T13:05:41.398Z" },
    { url = "https://files.pythonhosted.org/packages/91/e4/f17e02066de63e0100a3a01b56f8f1016973a1d67551beaf585157a86b3f/cryptography-45.0.5-cp37-abi3-musllinux_1_2_aarch64.whl", hash = "sha256:6ff8728d8d890b3dda5765276d1bc6fb099252915a2cd3aff960c4c195745dd0", size = 4319991, upload-time = "2025-07-02T13:05:43.64Z" },
    { url = "https://files.pythonhosted.org/packages/f2/2e/e2dbd629481b499b14516eed933f3276eb3239f7cee2dcfa4ee6b44d4711/cryptography-45.0.5-cp37-abi3-musllinux_1_2_x86_64.whl", hash = "sha256:7259038202a47fdecee7e62e0fd0b0738b6daa335354396c6ddebdbe1206af2a", size = 4554189, upload-time = "2025-07-02T13:05:46.045Z" },
    { url = "https://files.pythonhosted.org/packages/f8/ea/a78a0c38f4c8736287b71c2ea3799d173d5ce778c7d6e3c163a95a05ad2a/cryptography-45.0.5-cp37-abi3-win32.whl", hash = "sha256:1e1da5accc0c750056c556a93c3e9cb828970206c68867712ca5805e46dc806f", size = 2911769, upload-time = "2025-07-02T13:05:48.329Z" },
    { url = "https://files.pythonhosted.org/packages/79/b3/28ac139109d9005ad3f6b6f8976ffede6706a6478e21c889ce36c840918e/cryptography-45.0.5-cp37-abi3-win_amd64.whl", hash = "sha256:90cb0a7bb35959f37e23303b7eed0a32280510030daba3f7fdfbb65defde6a97", size = 3390016, upload-time = "2025-07-02T13:05:50.811Z" },
]

[[package]]
name = "filelock"
version = "3.18.0"
source = { registry = "https://pypi.org/simple" }
sdist = { url = "https://files.pythonhosted.org/packages/0a/10/c23352565a6544bdc5353e0b15fc1c563352101f30e24bf500207a54df9a/filelock-3.18.0.tar.gz", hash = "sha256:adbc88eabb99d2fec8c9c1b229b171f18afa655400173ddc653d5d01501fb9f2", size = 18075, upload-time = "2025-03-14T07:11:40.47Z" }
wheels = [
    { url = "https://files.pythonhosted.org/packages/4d/36/2a115987e2d8c300a974597416d9de88f2444426de9571f4b59b2cca3acc/filelock-3.18.0-py3-none-any.whl", hash = "sha256:c401f4f8377c4464e6db25fff06205fd89bdd83b65eb0488ed1b160f780e21de", size = 16215, upload-time = "2025-03-14T07:11:39.145Z" },
]

[[package]]
name = "idna"
version = "3.10"
source = { registry = "https://pypi.org/simple" }
sdist = { url = "https://files.pythonhosted.org/packages/f1/70/7703c29685631f5a7590aa73f1f1d3fa9a380e654b86af429e0934a32f7d/idna-3.10.tar.gz", hash = "sha256:12f65c9b470abda6dc35cf8e63cc574b1c52b11df2c86030af0ac09b01b13ea9", size = 190490, upload-time = "2024-09-15T18:07:39.745Z" }
wheels = [
    { url = "https://files.pythonhosted.org/packages/76/c6/c88e154df9c4e1a2a66ccf0005a88dfb2650c1dffb6f5ce603dfbd452ce3/idna-3.10-py3-none-any.whl", hash = "sha256:946d195a0d259cbba61165e88e65941f16e9b36ea6ddb97f00452bae8b1287d3", size = 70442, upload-time = "2024-09-15T18:07:37.964Z" },
]

[[package]]
name = "isodate"
version = "0.7.2"
source = { registry = "https://pypi.org/simple" }
sdist = { url = "https://files.pythonhosted.org/packages/54/4d/e940025e2ce31a8ce1202635910747e5a87cc3a6a6bb2d00973375014749/isodate-0.7.2.tar.gz", hash = "sha256:4cd1aa0f43ca76f4a6c6c0292a85f40b35ec2e43e315b59f06e6d32171a953e6", size = 29705, upload-time = "2024-10-08T23:04:11.5Z" }
wheels = [
    { url = "https://files.pythonhosted.org/packages/15/aa/0aca39a37d3c7eb941ba736ede56d689e7be91cab5d9ca846bde3999eba6/isodate-0.7.2-py3-none-any.whl", hash = "sha256:28009937d8031054830160fce6d409ed342816b543597cece116d966c6d99e15", size = 22320, upload-time = "2024-10-08T23:04:09.501Z" },
]

[[package]]
name = "jmespath"
version = "1.0.1"
source = { registry = "https://pypi.org/simple" }
sdist = { url = "https://files.pythonhosted.org/packages/00/2a/e867e8531cf3e36b41201936b7fa7ba7b5702dbef42922193f05c8976cd6/jmespath-1.0.1.tar.gz", hash = "sha256:90261b206d6defd58fdd5e85f478bf633a2901798906be2ad389150c5c60edbe", size = 25843, upload-time = "2022-06-17T18:00:12.224Z" }
wheels = [
    { url = "https://files.pythonhosted.org/packages/31/b4/b9b800c45527aadd64d5b442f9b932b00648617eb5d63d2c7a6587b7cafc/jmespath-1.0.1-py3-none-any.whl", hash = "sha256:02e2e4cc71b5bcab88332eebf907519190dd9e6e82107fa7f83b1003a6252980", size = 20256, upload-time = "2022-06-17T18:00:10.251Z" },
]

[[package]]
name = "lxml"
version = "6.0.0"
source = { registry = "https://pypi.org/simple" }
sdist = { url = "https://files.pythonhosted.org/packages/c5/ed/60eb6fa2923602fba988d9ca7c5cdbd7cf25faa795162ed538b527a35411/lxml-6.0.0.tar.gz", hash = "sha256:032e65120339d44cdc3efc326c9f660f5f7205f3a535c1fdbf898b29ea01fb72", size = 4096938, upload-time = "2025-06-26T16:28:19.373Z" }
wheels = [
    { url = "https://files.pythonhosted.org/packages/79/21/6e7c060822a3c954ff085e5e1b94b4a25757c06529eac91e550f3f5cd8b8/lxml-6.0.0-cp313-cp313-macosx_10_13_universal2.whl", hash = "sha256:6da7cd4f405fd7db56e51e96bff0865b9853ae70df0e6720624049da76bde2da", size = 8414372, upload-time = "2025-06-26T16:26:39.079Z" },
    { url = "https://files.pythonhosted.org/packages/a4/f6/051b1607a459db670fc3a244fa4f06f101a8adf86cda263d1a56b3a4f9d5/lxml-6.0.0-cp313-cp313-macosx_10_13_x86_64.whl", hash = "sha256:b34339898bb556a2351a1830f88f751679f343eabf9cf05841c95b165152c9e7", size = 4593940, upload-time = "2025-06-26T16:26:41.891Z" },
    { url = "https://files.pythonhosted.org/packages/8e/74/dd595d92a40bda3c687d70d4487b2c7eff93fd63b568acd64fedd2ba00fe/lxml-6.0.0-cp313-cp313-manylinux2010_i686.manylinux2014_i686.manylinux_2_12_i686.manylinux_2_17_i686.whl", hash = "sha256:51a5e4c61a4541bd1cd3ba74766d0c9b6c12d6a1a4964ef60026832aac8e79b3", size = 5214329, upload-time = "2025-06-26T16:26:44.669Z" },
    { url = "https://files.pythonhosted.org/packages/52/46/3572761efc1bd45fcafb44a63b3b0feeb5b3f0066886821e94b0254f9253/lxml-6.0.0-cp313-cp313-manylinux2014_aarch64.manylinux_2_17_aarch64.whl", hash = "sha256:d18a25b19ca7307045581b18b3ec9ead2b1db5ccd8719c291f0cd0a5cec6cb81", size = 4947559, upload-time = "2025-06-28T18:47:31.091Z" },
    { url = "https://files.pythonhosted.org/packages/94/8a/5e40de920e67c4f2eef9151097deb9b52d86c95762d8ee238134aff2125d/lxml-6.0.0-cp313-cp313-manylinux2014_x86_64.manylinux_2_17_x86_64.whl", hash = "sha256:d4f0c66df4386b75d2ab1e20a489f30dc7fd9a06a896d64980541506086be1f1", size = 5102143, upload-time = "2025-06-28T18:47:33.612Z" },
    { url = "https://files.pythonhosted.org/packages/7c/4b/20555bdd75d57945bdabfbc45fdb1a36a1a0ff9eae4653e951b2b79c9209/lxml-6.0.0-cp313-cp313-manylinux_2_27_aarch64.manylinux_2_28_aarch64.whl", hash = "sha256:9f4b481b6cc3a897adb4279216695150bbe7a44c03daba3c894f49d2037e0a24", size = 5021931, upload-time = "2025-06-26T16:26:47.503Z" },
    { url = "https://files.pythonhosted.org/packages/b6/6e/cf03b412f3763d4ca23b25e70c96a74cfece64cec3addf1c4ec639586b13/lxml-6.0.0-cp313-cp313-manylinux_2_27_ppc64le.manylinux_2_28_ppc64le.whl", hash = "sha256:8a78d6c9168f5bcb20971bf3329c2b83078611fbe1f807baadc64afc70523b3a", size = 5645469, upload-time = "2025-07-03T19:19:13.32Z" },
    { url = "https://files.pythonhosted.org/packages/d4/dd/39c8507c16db6031f8c1ddf70ed95dbb0a6d466a40002a3522c128aba472/lxml-6.0.0-cp313-cp313-manylinux_2_27_x86_64.manylinux_2_28_x86_64.whl", hash = "sha256:2ae06fbab4f1bb7db4f7c8ca9897dc8db4447d1a2b9bee78474ad403437bcc29", size = 5247467, upload-time = "2025-06-26T16:26:49.998Z" },
    { url = "https://files.pythonhosted.org/packages/4d/56/732d49def0631ad633844cfb2664563c830173a98d5efd9b172e89a4800d/lxml-6.0.0-cp313-cp313-manylinux_2_31_armv7l.whl", hash = "sha256:1fa377b827ca2023244a06554c6e7dc6828a10aaf74ca41965c5d8a4925aebb4", size = 4720601, upload-time = "2025-06-26T16:26:52.564Z" },
    { url = "https://files.pythonhosted.org/packages/8f/7f/6b956fab95fa73462bca25d1ea7fc8274ddf68fb8e60b78d56c03b65278e/lxml-6.0.0-cp313-cp313-musllinux_1_2_aarch64.whl", hash = "sha256:1676b56d48048a62ef77a250428d1f31f610763636e0784ba67a9740823988ca", size = 5060227, upload-time = "2025-06-26T16:26:55.054Z" },
    { url = "https://files.pythonhosted.org/packages/97/06/e851ac2924447e8b15a294855caf3d543424364a143c001014d22c8ca94c/lxml-6.0.0-cp313-cp313-musllinux_1_2_armv7l.whl", hash = "sha256:0e32698462aacc5c1cf6bdfebc9c781821b7e74c79f13e5ffc8bfe27c42b1abf", size = 4790637, upload-time = "2025-06-26T16:26:57.384Z" },
    { url = "https://files.pythonhosted.org/packages/06/d4/fd216f3cd6625022c25b336c7570d11f4a43adbaf0a56106d3d496f727a7/lxml-6.0.0-cp313-cp313-musllinux_1_2_ppc64le.whl", hash = "sha256:4d6036c3a296707357efb375cfc24bb64cd955b9ec731abf11ebb1e40063949f", size = 5662049, upload-time = "2025-07-03T19:19:16.409Z" },
    { url = "https://files.pythonhosted.org/packages/52/03/0e764ce00b95e008d76b99d432f1807f3574fb2945b496a17807a1645dbd/lxml-6.0.0-cp313-cp313-musllinux_1_2_x86_64.whl", hash = "sha256:7488a43033c958637b1a08cddc9188eb06d3ad36582cebc7d4815980b47e27ef", size = 5272430, upload-time = "2025-06-26T16:27:00.031Z" },
    { url = "https://files.pythonhosted.org/packages/5f/01/d48cc141bc47bc1644d20fe97bbd5e8afb30415ec94f146f2f76d0d9d098/lxml-6.0.0-cp313-cp313-win32.whl", hash = "sha256:5fcd7d3b1d8ecb91445bd71b9c88bdbeae528fefee4f379895becfc72298d181", size = 3612896, upload-time = "2025-06-26T16:27:04.251Z" },
    { url = "https://files.pythonhosted.org/packages/f4/87/6456b9541d186ee7d4cb53bf1b9a0d7f3b1068532676940fdd594ac90865/lxml-6.0.0-cp313-cp313-win_amd64.whl", hash = "sha256:2f34687222b78fff795feeb799a7d44eca2477c3d9d3a46ce17d51a4f383e32e", size = 4013132, upload-time = "2025-06-26T16:27:06.415Z" },
    { url = "https://files.pythonhosted.org/packages/b7/42/85b3aa8f06ca0d24962f8100f001828e1f1f1a38c954c16e71154ed7d53a/lxml-6.0.0-cp313-cp313-win_arm64.whl", hash = "sha256:21db1ec5525780fd07251636eb5f7acb84003e9382c72c18c542a87c416ade03", size = 3672642, upload-time = "2025-06-26T16:27:09.888Z" },
]

[[package]]
name = "more-itertools"
version = "10.7.0"
source = { registry = "https://pypi.org/simple" }
sdist = { url = "https://files.pythonhosted.org/packages/ce/a0/834b0cebabbfc7e311f30b46c8188790a37f89fc8d756660346fe5abfd09/more_itertools-10.7.0.tar.gz", hash = "sha256:9fddd5403be01a94b204faadcff459ec3568cf110265d3c54323e1e866ad29d3", size = 127671, upload-time = "2025-04-22T14:17:41.838Z" }
wheels = [
    { url = "https://files.pythonhosted.org/packages/2b/9f/7ba6f94fc1e9ac3d2b853fdff3035fb2fa5afbed898c4a72b8a020610594/more_itertools-10.7.0-py3-none-any.whl", hash = "sha256:d43980384673cb07d2f7d2d918c616b30c659c089ee23953f601d6609c67510e", size = 65278, upload-time = "2025-04-22T14:17:40.49Z" },
]

[[package]]
name = "packaging"
version = "25.0"
source = { registry = "https://pypi.org/simple" }
sdist = { url = "https://files.pythonhosted.org/packages/a1/d4/1fc4078c65507b51b96ca8f8c3ba19e6a61c8253c72794544580a7b6c24d/packaging-25.0.tar.gz", hash = "sha256:d443872c98d677bf60f6a1f2f8c1cb748e8fe762d2bf9d3148b5599295b0fc4f", size = 165727, upload-time = "2025-04-19T11:48:59.673Z" }
wheels = [
    { url = "https://files.pythonhosted.org/packages/20/12/38679034af332785aac8774540895e234f4d07f7545804097de4b666afd8/packaging-25.0-py3-none-any.whl", hash = "sha256:29572ef2b1f17581046b3a2227d5c611fb25ec70ca1ba8554b24b0e69331a484", size = 66469, upload-time = "2025-04-19T11:48:57.875Z" },
]

[[package]]
name = "platformdirs"
version = "4.3.8"
source = { registry = "https://pypi.org/simple" }
sdist = { url = "https://files.pythonhosted.org/packages/fe/8b/3c73abc9c759ecd3f1f7ceff6685840859e8070c4d947c93fae71f6a0bf2/platformdirs-4.3.8.tar.gz", hash = "sha256:3d512d96e16bcb959a814c9f348431070822a6496326a4be0911c40b5a74c2bc", size = 21362, upload-time = "2025-05-07T22:47:42.121Z" }
wheels = [
    { url = "https://files.pythonhosted.org/packages/fe/39/979e8e21520d4e47a0bbe349e2713c0aac6f3d853d0e5b34d76206c439aa/platformdirs-4.3.8-py3-none-any.whl", hash = "sha256:ff7059bb7eb1179e2685604f4aaf157cfd9535242bd23742eadc3c13542139b4", size = 18567, upload-time = "2025-05-07T22:47:40.376Z" },
]

[[package]]
name = "pycparser"
version = "2.22"
source = { registry = "https://pypi.org/simple" }
sdist = { url = "https://files.pythonhosted.org/packages/1d/b2/31537cf4b1ca988837256c910a668b553fceb8f069bedc4b1c826024b52c/pycparser-2.22.tar.gz", hash = "sha256:491c8be9c040f5390f5bf44a5b07752bd07f56edf992381b05c701439eec10f6", size = 172736, upload-time = "2024-03-30T13:22:22.564Z" }
wheels = [
    { url = "https://files.pythonhosted.org/packages/13/a3/a812df4e2dd5696d1f351d58b8fe16a405b234ad2886a0dab9183fb78109/pycparser-2.22-py3-none-any.whl", hash = "sha256:c3702b6d3dd8c7abc1afa565d7e63d53a1d0bd86cdc24edd75470f4de499cfcc", size = 117552, upload-time = "2024-03-30T13:22:20.476Z" },
]

[[package]]
name = "pyjwt"
version = "2.10.1"
source = { registry = "https://pypi.org/simple" }
sdist = { url = "https://files.pythonhosted.org/packages/e7/46/bd74733ff231675599650d3e47f361794b22ef3e3770998dda30d3b63726/pyjwt-2.10.1.tar.gz", hash = "sha256:3cc5772eb20009233caf06e9d8a0577824723b44e6648ee0a2aedb6cf9381953", size = 87785, upload-time = "2024-11-28T03:43:29.933Z" }
wheels = [
    { url = "https://files.pythonhosted.org/packages/61/ad/689f02752eeec26aed679477e80e632ef1b682313be70793d798c1d5fc8f/PyJWT-2.10.1-py3-none-any.whl", hash = "sha256:dcdd193e30abefd5debf142f9adfcdd2b58004e644f25406ffaebd50bd98dacb", size = 22997, upload-time = "2024-11-28T03:43:27.893Z" },
]

[package.optional-dependencies]
crypto = [
    { name = "cryptography" },
]

[[package]]
name = "pyopenssl"
version = "25.1.0"
source = { registry = "https://pypi.org/simple" }
dependencies = [
    { name = "cryptography" },
]
sdist = { url = "https://files.pythonhosted.org/packages/04/8c/cd89ad05804f8e3c17dea8f178c3f40eeab5694c30e0c9f5bcd49f576fc3/pyopenssl-25.1.0.tar.gz", hash = "sha256:8d031884482e0c67ee92bf9a4d8cceb08d92aba7136432ffb0703c5280fc205b", size = 179937, upload-time = "2025-05-17T16:28:31.31Z" }
wheels = [
    { url = "https://files.pythonhosted.org/packages/80/28/2659c02301b9500751f8d42f9a6632e1508aa5120de5e43042b8b30f8d5d/pyopenssl-25.1.0-py3-none-any.whl", hash = "sha256:2b11f239acc47ac2e5aca04fd7fa829800aeee22a2eb30d744572a157bd8a1ab", size = 56771, upload-time = "2025-05-17T16:28:29.197Z" },
]

[[package]]
name = "python-dateutil"
version = "2.9.0.post0"
source = { registry = "https://pypi.org/simple" }
dependencies = [
    { name = "six" },
]
sdist = { url = "https://files.pythonhosted.org/packages/66/c0/0c8b6ad9f17a802ee498c46e004a0eb49bc148f2fd230864601a86dcf6db/python-dateutil-2.9.0.post0.tar.gz", hash = "sha256:37dd54208da7e1cd875388217d5e00ebd4179249f90fb72437e91a35459a0ad3", size = 342432, upload-time = "2024-03-01T18:36:20.211Z" }
wheels = [
    { url = "https://files.pythonhosted.org/packages/ec/57/56b9bcc3c9c6a792fcbaf139543cee77261f3651ca9da0c93f5c1221264b/python_dateutil-2.9.0.post0-py2.py3-none-any.whl", hash = "sha256:a8b2bc7bffae282281c8140a97d3aa9c14da0b136dfe83f850eea9a5f7470427", size = 229892, upload-time = "2024-03-01T18:36:18.57Z" },
]

[[package]]
name = "pytz"
version = "2025.2"
source = { registry = "https://pypi.org/simple" }
sdist = { url = "https://files.pythonhosted.org/packages/f8/bf/abbd3cdfb8fbc7fb3d4d38d320f2441b1e7cbe29be4f23797b4a2b5d8aac/pytz-2025.2.tar.gz", hash = "sha256:360b9e3dbb49a209c21ad61809c7fb453643e048b38924c765813546746e81c3", size = 320884, upload-time = "2025-03-25T02:25:00.538Z" }
wheels = [
    { url = "https://files.pythonhosted.org/packages/81/c4/34e93fe5f5429d7570ec1fa436f1986fb1f00c3e0f43a589fe2bbcd22c3f/pytz-2025.2-py2.py3-none-any.whl", hash = "sha256:5ddf76296dd8c44c26eb8f4b6f35488f3ccbf6fbbd7adee0b7262d43f0ec2f00", size = 509225, upload-time = "2025-03-25T02:24:58.468Z" },
]

[[package]]
name = "requests"
version = "2.32.4"
source = { registry = "https://pypi.org/simple" }
dependencies = [
    { name = "certifi" },
    { name = "charset-normalizer" },
    { name = "idna" },
    { name = "urllib3" },
]
sdist = { url = "https://files.pythonhosted.org/packages/e1/0a/929373653770d8a0d7ea76c37de6e41f11eb07559b103b1c02cafb3f7cf8/requests-2.32.4.tar.gz", hash = "sha256:27d0316682c8a29834d3264820024b62a36942083d52caf2f14c0591336d3422", size = 135258, upload-time = "2025-06-09T16:43:07.34Z" }
wheels = [
    { url = "https://files.pythonhosted.org/packages/7c/e4/56027c4a6b4ae70ca9de302488c5ca95ad4a39e190093d6c1a8ace08341b/requests-2.32.4-py3-none-any.whl", hash = "sha256:27babd3cda2a6d50b30443204ee89830707d396671944c998b5975b031ac2b2c", size = 64847, upload-time = "2025-06-09T16:43:05.728Z" },
]

[[package]]
name = "requests-file"
version = "2.1.0"
source = { registry = "https://pypi.org/simple" }
dependencies = [
    { name = "requests" },
]
sdist = { url = "https://files.pythonhosted.org/packages/72/97/bf44e6c6bd8ddbb99943baf7ba8b1a8485bcd2fe0e55e5708d7fee4ff1ae/requests_file-2.1.0.tar.gz", hash = "sha256:0f549a3f3b0699415ac04d167e9cb39bccfb730cb832b4d20be3d9867356e658", size = 6891, upload-time = "2024-05-21T16:28:00.24Z" }
wheels = [
    { url = "https://files.pythonhosted.org/packages/d7/25/dd878a121fcfdf38f52850f11c512e13ec87c2ea72385933818e5b6c15ce/requests_file-2.1.0-py2.py3-none-any.whl", hash = "sha256:cf270de5a4c5874e84599fc5778303d496c10ae5e870bfa378818f35d21bda5c", size = 4244, upload-time = "2024-05-21T16:27:57.733Z" },
]

[[package]]
name = "requests-toolbelt"
version = "1.0.0"
source = { registry = "https://pypi.org/simple" }
dependencies = [
    { name = "requests" },
]
sdist = { url = "https://files.pythonhosted.org/packages/f3/61/d7545dafb7ac2230c70d38d31cbfe4cc64f7144dc41f6e4e4b78ecd9f5bb/requests-toolbelt-1.0.0.tar.gz", hash = "sha256:7681a0a3d047012b5bdc0ee37d7f8f07ebe76ab08caeccfc3921ce23c88d5bc6", size = 206888, upload-time = "2023-05-01T04:11:33.229Z" }
wheels = [
    { url = "https://files.pythonhosted.org/packages/3f/51/d4db610ef29373b879047326cbf6fa98b6c1969d6f6dc423279de2b1be2c/requests_toolbelt-1.0.0-py2.py3-none-any.whl", hash = "sha256:cccfdd665f0a24fcf4726e690f65639d272bb0637b9b92dfd91a5568ccf6bd06", size = 54481, upload-time = "2023-05-01T04:11:28.427Z" },
]

[[package]]
name = "s3transfer"
version = "0.13.1"
source = { registry = "https://pypi.org/simple" }
dependencies = [
    { name = "botocore" },
]
sdist = { url = "https://files.pythonhosted.org/packages/6d/05/d52bf1e65044b4e5e27d4e63e8d1579dbdec54fce685908ae09bc3720030/s3transfer-0.13.1.tar.gz", hash = "sha256:c3fdba22ba1bd367922f27ec8032d6a1cf5f10c934fb5d68cf60fd5a23d936cf", size = 150589, upload-time = "2025-07-18T19:22:42.31Z" }
wheels = [
    { url = "https://files.pythonhosted.org/packages/6d/4f/d073e09df851cfa251ef7840007d04db3293a0482ce607d2b993926089be/s3transfer-0.13.1-py3-none-any.whl", hash = "sha256:a981aa7429be23fe6dfc13e80e4020057cbab622b08c0315288758d67cabc724", size = 85308, upload-time = "2025-07-18T19:22:40.947Z" },
]

[[package]]
name = "simple-salesforce"
version = "1.12.6"
source = { registry = "https://pypi.org/simple" }
dependencies = [
    { name = "more-itertools" },
    { name = "pyjwt", extra = ["crypto"] },
    { name = "requests" },
    { name = "typing-extensions" },
    { name = "zeep" },
]
sdist = { url = "https://files.pythonhosted.org/packages/13/a7/22d3992b8413cb775191a2f7af8b193cdaa9d244bf1613a2affeb26bc9f3/simple-salesforce-1.12.6.tar.gz", hash = "sha256:77590606c781905f6b75430562951dd2b062438da7f55fca2b61e4cde31df15b", size = 140673, upload-time = "2024-04-15T16:20:56.366Z" }
wheels = [
    { url = "https://files.pythonhosted.org/packages/7d/b3/4c694f266760c0574159654ad1a1f7eb682584d9a3b9552ec24a38f73879/simple_salesforce-1.12.6-py2.py3-none-any.whl", hash = "sha256:66c74bee88d09ace46e4fc9c2f6b47c0d012817a764f70a5455d6dc2c7ed635c", size = 132151, upload-time = "2024-04-15T16:20:54.478Z" },
]

[[package]]
name = "six"
version = "1.17.0"
source = { registry = "https://pypi.org/simple" }
sdist = { url = "https://files.pythonhosted.org/packages/94/e7/b2c673351809dca68a0e064b6af791aa332cf192da575fd474ed7d6f16a2/six-1.17.0.tar.gz", hash = "sha256:ff70335d468e7eb6ec65b95b99d3a2836546063f63acc5171de367e834932a81", size = 34031, upload-time = "2024-12-04T17:35:28.174Z" }
wheels = [
    { url = "https://files.pythonhosted.org/packages/b7/ce/149a00dd41f10bc29e5921b496af8b574d8413afcd5e30dfa0ed46c2cc5e/six-1.17.0-py2.py3-none-any.whl", hash = "sha256:4721f391ed90541fddacab5acf947aa0d3dc7d27b2e1e8eda2be8970586c3274", size = 11050, upload-time = "2024-12-04T17:35:26.475Z" },
]

[[package]]
name = "snowflake"
version = "0.1.0"
source = { virtual = "." }
dependencies = [
    { name = "requests" },
    { name = "simple-salesforce" },
    { name = "snowflake-connector-python" },
]

[package.metadata]
requires-dist = [
    { name = "requests", specifier = ">=2.32.4" },
    { name = "simple-salesforce", specifier = ">=1.12.6" },
    { name = "snowflake-connector-python", specifier = ">=3.16.0" },
]

[[package]]
name = "snowflake-connector-python"
version = "3.16.0"
source = { registry = "https://pypi.org/simple" }
dependencies = [
    { name = "asn1crypto" },
    { name = "boto3" },
    { name = "botocore" },
    { name = "certifi" },
    { name = "cffi" },
    { name = "charset-normalizer" },
    { name = "cryptography" },
    { name = "filelock" },
    { name = "idna" },
    { name = "packaging" },
    { name = "platformdirs" },
    { name = "pyjwt" },
    { name = "pyopenssl" },
    { name = "pytz" },
    { name = "requests" },
    { name = "sortedcontainers" },
    { name = "tomlkit" },
    { name = "typing-extensions" },
]
sdist = { url = "https://files.pythonhosted.org/packages/c3/31/b80afde8830afef0871dbcb4912545f326958c4d2ce36187c668fecb1913/snowflake_connector_python-3.16.0.tar.gz", hash = "sha256:88ca9438cc44cbd0bc078ecdf3273bd25bb69e3255c0416647281c5b2f490bb5", size = 779782, upload-time = "2025-07-01T23:58:23.331Z" }
wheels = [
    { url = "https://files.pythonhosted.org/packages/52/90/941f75e97cbea26f5cb90bce9a1fd8e3315de98460bdd6a5a9bf43048994/snowflake_connector_python-3.16.0-cp313-cp313-macosx_11_0_arm64.whl", hash = "sha256:b0a165e6a29c44bdeee5b23cbec0880fa23e7f099257737e292dce5d678a08c4", size = 993289, upload-time = "2025-07-01T23:58:33.925Z" },
    { url = "https://files.pythonhosted.org/packages/d1/52/f356d2ddd56d595883a9fd91da99632535d7ae6d8b82ea55a8605d60c33c/snowflake_connector_python-3.16.0-cp313-cp313-macosx_11_0_x86_64.whl", hash = "sha256:136ea110211958a3748c0e562051d25bd87b3aa58948cdc0816dfdf08afbb8fc", size = 1004683, upload-time = "2025-07-01T23:58:35.703Z" },
    { url = "https://files.pythonhosted.org/packages/84/19/856c19da0fb001bf4fd46a239ab33cd8b03ec4651d482cfa1354f1966945/snowflake_connector_python-3.16.0-cp313-cp313-manylinux_2_17_aarch64.manylinux2014_aarch64.whl", hash = "sha256:41e861b3d6abfe927639554cb81ff2c70bc12691e8ac9a2919b863e805c6caf8", size = 2655306, upload-time = "2025-07-01T23:58:16.81Z" },
    { url = "https://files.pythonhosted.org/packages/fb/ed/90cc1776d3b5c9eb8f7c4e0203c3aa6cc9199920e30c53b937b5ff159774/snowflake_connector_python-3.16.0-cp313-cp313-manylinux_2_17_x86_64.manylinux2014_x86_64.whl", hash = "sha256:6474a2617c609461cbfa4122862aec1ba12ece2bb16505032dad4457d38e13b9", size = 2678862, upload-time = "2025-07-01T23:58:18.483Z" },
    { url = "https://files.pythonhosted.org/packages/87/6a/dcad484e2a6bcd26fe641659f2f09f598068cedc0a351cb09fc0a9939e30/snowflake_connector_python-3.16.0-cp313-cp313-win_amd64.whl", hash = "sha256:bab36467b6a9f696ae9fbae35d733557724d70ab779d89fe430844e876ce02c6", size = 950736, upload-time = "2025-07-01T23:58:44.74Z" },
]

[[package]]
name = "sortedcontainers"
version = "2.4.0"
source = { registry = "https://pypi.org/simple" }
sdist = { url = "https://files.pythonhosted.org/packages/e8/c4/ba2f8066cceb6f23394729afe52f3bf7adec04bf9ed2c820b39e19299111/sortedcontainers-2.4.0.tar.gz", hash = "sha256:25caa5a06cc30b6b83d11423433f65d1f9d76c4c6a0c90e3379eaa43b9bfdb88", size = 30594, upload-time = "2021-05-16T22:03:42.897Z" }
wheels = [
    { url = "https://files.pythonhosted.org/packages/32/46/9cb0e58b2deb7f82b84065f37f3bffeb12413f947f9388e4cac22c4621ce/sortedcontainers-2.4.0-py2.py3-none-any.whl", hash = "sha256:a163dcaede0f1c021485e957a39245190e74249897e2ae4b2aa38595db237ee0", size = 29575, upload-time = "2021-05-16T22:03:41.177Z" },
]

[[package]]
name = "tomlkit"
version = "0.13.3"
source = { registry = "https://pypi.org/simple" }
sdist = { url = "https://files.pythonhosted.org/packages/cc/18/0bbf3884e9eaa38819ebe46a7bd25dcd56b67434402b66a58c4b8e552575/tomlkit-0.13.3.tar.gz", hash = "sha256:430cf247ee57df2b94ee3fbe588e71d362a941ebb545dec29b53961d61add2a1", size = 185207, upload-time = "2025-06-05T07:13:44.947Z" }
wheels = [
    { url = "https://files.pythonhosted.org/packages/bd/75/8539d011f6be8e29f339c42e633aae3cb73bffa95dd0f9adec09b9c58e85/tomlkit-0.13.3-py3-none-any.whl", hash = "sha256:c89c649d79ee40629a9fda55f8ace8c6a1b42deb912b2a8fd8d942ddadb606b0", size = 38901, upload-time = "2025-06-05T07:13:43.546Z" },
]

[[package]]
name = "typing-extensions"
version = "4.14.1"
source = { registry = "https://pypi.org/simple" }
sdist = { url = "https://files.pythonhosted.org/packages/98/5a/da40306b885cc8c09109dc2e1abd358d5684b1425678151cdaed4731c822/typing_extensions-4.14.1.tar.gz", hash = "sha256:38b39f4aeeab64884ce9f74c94263ef78f3c22467c8724005483154c26648d36", size = 107673, upload-time = "2025-07-04T13:28:34.16Z" }
wheels = [
    { url = "https://files.pythonhosted.org/packages/b5/00/d631e67a838026495268c2f6884f3711a15a9a2a96cd244fdaea53b823fb/typing_extensions-4.14.1-py3-none-any.whl", hash = "sha256:d1e1e3b58374dc93031d6eda2420a48ea44a36c2b4766a4fdeb3710755731d76", size = 43906, upload-time = "2025-07-04T13:28:32.743Z" },
]

[[package]]
name = "urllib3"
version = "2.5.0"
source = { registry = "https://pypi.org/simple" }
sdist = { url = "https://files.pythonhosted.org/packages/15/22/9ee70a2574a4f4599c47dd506532914ce044817c7752a79b6a51286319bc/urllib3-2.5.0.tar.gz", hash = "sha256:3fc47733c7e419d4bc3f6b3dc2b4f890bb743906a30d56ba4a5bfa4bbff92760", size = 393185, upload-time = "2025-06-18T14:07:41.644Z" }
wheels = [
    { url = "https://files.pythonhosted.org/packages/a7/c2/fe1e52489ae3122415c51f387e221dd0773709bad6c6cdaa599e8a2c5185/urllib3-2.5.0-py3-none-any.whl", hash = "sha256:e6b01673c0fa6a13e374b50871808eb3bf7046c4b125b216f6bf1cc604cff0dc", size = 129795, upload-time = "2025-06-18T14:07:40.39Z" },
]

[[package]]
name = "zeep"
version = "4.3.1"
source = { registry = "https://pypi.org/simple" }
dependencies = [
    { name = "attrs" },
    { name = "isodate" },
    { name = "lxml" },
    { name = "platformdirs" },
    { name = "pytz" },
    { name = "requests" },
    { name = "requests-file" },
    { name = "requests-toolbelt" },
]
sdist = { url = "https://files.pythonhosted.org/packages/09/35/4a91181499a1e098cb01e04a26a053714adf2fb1c25b40fdc5f46cfe2e4f/zeep-4.3.1.tar.gz", hash = "sha256:f45385e9e1b09d5550e0f51ab9fa7c6842713cab7194139372fd82a99c56a06e", size = 166468, upload-time = "2024-10-16T05:31:30.775Z" }
wheels = [
    { url = "https://files.pythonhosted.org/packages/46/92/8a76eeccb5c176ea3de3965598b6fcd10dc9d72a560e59919b52845327ed/zeep-4.3.1-py3-none-any.whl", hash = "sha256:a637aa7eedb6330bb27e8c94c5233ddf23553904323adf9398f8cf5025acb216", size = 101690, upload-time = "2024-10-16T05:31:28.702Z" },
]
